github.com/coinbase-samples/core-go v0.1.0 h1:h78EMNiU2cS/bd9shakMw5mdZcKnRGNkZQ2ACIC13j4=
github.com/coinbase-samples/core-go v0.1.0/go.mod h1:zPGPdPptHekTgF7tjWmfK/MJzUEFKnBtAQ4wCR8UFu8=
github.com/shopspring/decimal v1.3.1 h1:2Usl1nmF/WZucqkFZhnfFYxxxu8LG21F6nPQBE5gKV8=
github.com/shopspring/decimal v1.3.1/go.mod h1:DKyhrW/HYNuLGql+MJL6WCR6knT2jwCFRcu2hWCYk4o=
